
Microsoft Visual Studio Solution File, Format Version 12.00
# Visual Studio Version 17
VisualStudioVersion = 17.9.34607.119
MinimumVisualStudioVersion = 10.0.40219.1
Project("{FAE04EC0-301F-11D3-BF4B-00C04F79EFBC}") = "CelularCTI.Model", "CelularCTI.Model\CelularCTI.Model.csproj", "{3C34CD1E-39CA-4FDF-917E-870FDA3A49E2}"
EndProject
Project("{FAE04EC0-301F-11D3-BF4B-00C04F79EFBC}") = "CelularCTI.Desktop", "CelularCTI.Desktop\CelularCTI.Desktop.csproj", "{831BDAA5-8EF7-41EA-A6AC-1687F84B4A03}"
EndProject
Global
	GlobalSection(SolutionConfigurationPlatforms) = preSolution
		Debug|Any CPU = Debug|Any CPU
		Release|Any CPU = Release|Any CPU
	EndGlobalSection
	GlobalSection(ProjectConfigurationPlatforms) = postSolution
		{3C34CD1E-39CA-4FDF-917E-870FDA3A49E2}.Debug|Any CPU.ActiveCfg = Debug|Any CPU
		{3C34CD1E-39CA-4FDF-917E-870FDA3A49E2}.Debug|Any CPU.Build.0 = Debug|Any CPU
		{3C34CD1E-39CA-4FDF-917E-870FDA3A49E2}.Release|Any CPU.ActiveCfg = Release|Any CPU
		{3C34CD1E-39CA-4FDF-917E-870FDA3A49E2}.Release|Any CPU.Build.0 = Release|Any CPU
		{831BDAA5-8EF7-41EA-A6AC-1687F84B4A03}.Debug|Any CPU.ActiveCfg = Debug|Any CPU
		{831BDAA5-8EF7-41EA-A6AC-1687F84B4A03}.Debug|Any CPU.Build.0 = Debug|Any CPU
		{831BDAA5-8EF7-41EA-A6AC-1687F84B4A03}.Release|Any CPU.ActiveCfg = Release|Any CPU
		{831BDAA5-8EF7-41EA-A6AC-1687F84B4A03}.Release|Any CPU.Build.0 = Release|Any CPU
	EndGlobalSection
	GlobalSection(SolutionProperties) = preSolution
		HideSolutionNode = FALSE
	EndGlobalSection
	GlobalSection(ExtensibilityGlobals) = postSolution
		SolutionGuid = {F4E38606-A0BE-4177-BDC3-E63549114419}
	EndGlobalSection
EndGlobal
